// !$*UTF8*$!
{
	archiveVersion = 1;
	classes = {
	};
	objectVersion = 50;
	objects = {

/* Begin PBXBuildFile section */
		3A7101A62647090600AED6E3 /* AppDelegate.swift in Sources */ = {isa = PBXBuildFile; fileRef = 3A7101A52647090600AED6E3 /* AppDelegate.swift */; };
		3A7101A82647090600AED6E3 /* SceneDelegate.swift in Sources */ = {isa = PBXBuildFile; fileRef = 3A7101A72647090600AED6E3 /* SceneDelegate.swift */; };
		3A7101AA2647090600AED6E3 /* ViewController.swift in Sources */ = {isa = PBXBuildFile; fileRef = 3A7101A92647090600AED6E3 /* ViewController.swift */; };
		3A7101AD2647090600AED6E3 /* Main.storyboard in Resources */ = {isa = PBXBuildFile; fileRef = 3A7101AB2647090600AED6E3 /* Main.storyboard */; };
		3A7101AF2647090900AED6E3 /* Assets.xcassets in Resources */ = {isa = PBXBuildFile; fileRef = 3A7101AE2647090900AED6E3 /* Assets.xcassets */; };
		3A7101B22647090900AED6E3 /* LaunchScreen.storyboard in Resources */ = {isa = PBXBuildFile; fileRef = 3A7101B02647090900AED6E3 /* LaunchScreen.storyboard */; };
		3A7101BD2647090900AED6E3 /* VroomVroomTests.swift in Sources */ = {isa = PBXBuildFile; fileRef = 3A7101BC2647090900AED6E3 /* VroomVroomTests.swift */; };
		3A7101C82647090900AED6E3 /* VroomVroomUITests.swift in Sources */ = {isa = PBXBuildFile; fileRef = 3A7101C72647090900AED6E3 /* VroomVroomUITests.swift */; };
		80953EC9A8A9A7261CBC0490 /* Pods_VroomVroomTests.framework in Frameworks */ = {isa = PBXBuildFile; fileRef = C7B9D672098D0D192359C40A /* Pods_VroomVroomTests.framework */; };
		E665DBB0DE019847E57FD159 /* Pods_VroomVroom.framework in Frameworks */ = {isa = PBXBuildFile; fileRef = 7C02A1DE5C1CE6EF1A9BEC0B /* Pods_VroomVroom.framework */; };
		EFDF2E4DA69C843FE9D98A52 /* Pods_VroomVroom_VroomVroomUITests.framework in Frameworks */ = {isa = PBXBuildFile; fileRef = 772BA23A0A4FA182232EAB2A /* Pods_VroomVroom_VroomVroomUITests.framework */; };
/* End PBXBuildFile section */

/* Begin PBXContainerItemProxy section */
		3A7101B92647090900AED6E3 /* PBXContainerItemProxy */ = {
			isa = PBXContainerItemProxy;
			containerPortal = 3A71019A2647090600AED6E3 /* Project object */;
			proxyType = 1;
			remoteGlobalIDString = 3A7101A12647090600AED6E3;
			remoteInfo = VroomVroom;
		};
		3A7101C42647090900AED6E3 /* PBXContainerItemProxy */ = {
			isa = PBXContainerItemProxy;
			containerPortal = 3A71019A2647090600AED6E3 /* Project object */;
			proxyType = 1;
			remoteGlobalIDString = 3A7101A12647090600AED6E3;
			remoteInfo = VroomVroom;
		};
/* End PBXContainerItemProxy section */

/* Begin PBXFileReference section */
		3A7101A22647090600AED6E3 /* VroomVroom.app */ = {isa = PBXFileReference; explicitFileType = wrapper.application; includeInIndex = 0; path = VroomVroom.app; sourceTree = BUILT_PRODUCTS_DIR; };
		3A7101A52647090600AED6E3 /* AppDelegate.swift */ = {isa = PBXFileReference; lastKnownFileType = sourcecode.swift; path = AppDelegate.swift; sourceTree = "<group>"; };
		3A7101A72647090600AED6E3 /* SceneDelegate.swift */ = {isa = PBXFileReference; lastKnownFileType = sourcecode.swift; path = SceneDelegate.swift; sourceTree = "<group>"; };
		3A7101A92647090600AED6E3 /* ViewController.swift */ = {isa = PBXFileReference; lastKnownFileType = sourcecode.swift; path = ViewController.swift; sourceTree = "<group>"; };
		3A7101AC2647090600AED6E3 /* Base */ = {isa = PBXFileReference; lastKnownFileType = file.storyboard; name = Base; path = Base.lproj/Main.storyboard; sourceTree = "<group>"; };
		3A7101AE2647090900AED6E3 /* Assets.xcassets */ = {isa = PBXFileReference; lastKnownFileType = folder.assetcatalog; path = Assets.xcassets; sourceTree = "<group>"; };
		3A7101B12647090900AED6E3 /* Base */ = {isa = PBXFileReference; lastKnownFileType = file.storyboard; name = Base; path = Base.lproj/LaunchScreen.storyboard; sourceTree = "<group>"; };
		3A7101B32647090900AED6E3 /* Info.plist */ = {isa = PBXFileReference; lastKnownFileType = text.plist.xml; path = Info.plist; sourceTree = "<group>"; };
		3A7101B82647090900AED6E3 /* VroomVroomTests.xctest */ = {isa = PBXFileReference; explicitFileType = wrapper.cfbundle; includeInIndex = 0; path = VroomVroomTests.xctest; sourceTree = BUILT_PRODUCTS_DIR; };
		3A7101BC2647090900AED6E3 /* VroomVroomTests.swift */ = {isa = PBXFileReference; lastKnownFileType = sourcecode.swift; path = VroomVroomTests.swift; sourceTree = "<group>"; };
		3A7101BE2647090900AED6E3 /* Info.plist */ = {isa = PBXFileReference; lastKnownFileType = text.plist.xml; path = Info.plist; sourceTree = "<group>"; };
		3A7101C32647090900AED6E3 /* VroomVroomUITests.xctest */ = {isa = PBXFileReference; explicitFileType = wrapper.cfbundle; includeInIndex = 0; path = VroomVroomUITests.xctest; sourceTree = BUILT_PRODUCTS_DIR; };
		3A7101C72647090900AED6E3 /* VroomVroomUITests.swift */ = {isa = PBXFileReference; lastKnownFileType = sourcecode.swift; path = VroomVroomUITests.swift; sourceTree = "<group>"; };
		3A7101C92647090900AED6E3 /* Info.plist */ = {isa = PBXFileReference; lastKnownFileType = text.plist.xml; path = Info.plist; sourceTree = "<group>"; };
		431BBAD4A3FCE6C198C366E8 /* Pods-VroomVroomTests.release.xcconfig */ = {isa = PBXFileReference; includeInIndex = 1; lastKnownFileType = text.xcconfig; name = "Pods-VroomVroomTests.release.xcconfig"; path = "Target Support Files/Pods-VroomVroomTests/Pods-VroomVroomTests.release.xcconfig"; sourceTree = "<group>"; };
		5712103997E056A5C4B644C1 /* Pods-VroomVroomTests.debug.xcconfig */ = {isa = PBXFileReference; includeInIndex = 1; lastKnownFileType = text.xcconfig; name = "Pods-VroomVroomTests.debug.xcconfig"; path = "Target Support Files/Pods-VroomVroomTests/Pods-VroomVroomTests.debug.xcconfig"; sourceTree = "<group>"; };
		772BA23A0A4FA182232EAB2A /* Pods_VroomVroom_VroomVroomUITests.framework */ = {isa = PBXFileReference; explicitFileType = wrapper.framework; includeInIndex = 0; path = Pods_VroomVroom_VroomVroomUITests.framework; sourceTree = BUILT_PRODUCTS_DIR; };
		7C02A1DE5C1CE6EF1A9BEC0B /* Pods_VroomVroom.framework */ = {isa = PBXFileReference; explicitFileType = wrapper.framework; includeInIndex = 0; path = Pods_VroomVroom.framework; sourceTree = BUILT_PRODUCTS_DIR; };
		84FC5189534C8B243304CDB7 /* Pods-VroomVroom.release.xcconfig */ = {isa = PBXFileReference; includeInIndex = 1; lastKnownFileType = text.xcconfig; name = "Pods-VroomVroom.release.xcconfig"; path = "Target Support Files/Pods-VroomVroom/Pods-VroomVroom.release.xcconfig"; sourceTree = "<group>"; };
		92249DFAFC207DFB4F4E5001 /* Pods-VroomVroom-VroomVroomUITests.debug.xcconfig */ = {isa = PBXFileReference; includeInIndex = 1; lastKnownFileType = text.xcconfig; name = "Pods-VroomVroom-VroomVroomUITests.debug.xcconfig"; path = "Target Support Files/Pods-VroomVroom-VroomVroomUITests/Pods-VroomVroom-VroomVroomUITests.debug.xcconfig"; sourceTree = "<group>"; };
		97C5B1829568F8D9C1A626E3 /* Pods-VroomVroom.debug.xcconfig */ = {isa = PBXFileReference; includeInIndex = 1; lastKnownFileType = text.xcconfig; name = "Pods-VroomVroom.debug.xcconfig"; path = "Target Support Files/Pods-VroomVroom/Pods-VroomVroom.debug.xcconfig"; sourceTree = "<group>"; };
		C7B9D672098D0D192359C40A /* Pods_VroomVroomTests.framework */ = {isa = PBXFileReference; explicitFileType = wrapper.framework; includeInIndex = 0; path = Pods_VroomVroomTests.framework; sourceTree = BUILT_PRODUCTS_DIR; };
		D3FC6E095849EFD3FD52A07D /* Pods-VroomVroom-VroomVroomUITests.release.xcconfig */ = {isa = PBXFileReference; includeInIndex = 1; lastKnownFileType = text.xcconfig; name = "Pods-VroomVroom-VroomVroomUITests.release.xcconfig"; path = "Target Support Files/Pods-VroomVroom-VroomVroomUITests/Pods-VroomVroom-VroomVroomUITests.release.xcconfig"; sourceTree = "<group>"; };
/* End PBXFileReference section */

/* Begin PBXFrameworksBuildPhase section */
		3A71019F2647090600AED6E3 /* Frameworks */ = {
			isa = PBXFrameworksBuildPhase;
			buildActionMask = 2147483647;
			files = (
				E665DBB0DE019847E57FD159 /* Pods_VroomVroom.framework in Frameworks */,
			);
			runOnlyForDeploymentPostprocessing = 0;
		};
		3A7101B52647090900AED6E3 /* Frameworks */ = {
			isa = PBXFrameworksBuildPhase;
			buildActionMask = 2147483647;
			files = (
				80953EC9A8A9A7261CBC0490 /* Pods_VroomVroomTests.framework in Frameworks */,
			);
			runOnlyForDeploymentPostprocessing = 0;
		};
		3A7101C02647090900AED6E3 /* Frameworks */ = {
			isa = PBXFrameworksBuildPhase;
			buildActionMask = 2147483647;
			files = (
				EFDF2E4DA69C843FE9D98A52 /* Pods_VroomVroom_VroomVroomUITests.framework in Frameworks */,
			);
			runOnlyForDeploymentPostprocessing = 0;
		};
/* End PBXFrameworksBuildPhase section */

/* Begin PBXGroup section */
		3A7101992647090600AED6E3 = {
			isa = PBXGroup;
			children = (
				3A7101A42647090600AED6E3 /* VroomVroom */,
				3A7101BB2647090900AED6E3 /* VroomVroomTests */,
				3A7101C62647090900AED6E3 /* VroomVroomUITests */,
				3A7101A32647090600AED6E3 /* Products */,
				DD9CB3273CC01B5665112175 /* Pods */,
				59BB38F7E50F8532188FB409 /* Frameworks */,
			);
			sourceTree = "<group>";
		};
		3A7101A32647090600AED6E3 /* Products */ = {
			isa = PBXGroup;
			children = (
				3A7101A22647090600AED6E3 /* VroomVroom.app */,
				3A7101B82647090900AED6E3 /* VroomVroomTests.xctest */,
				3A7101C32647090900AED6E3 /* VroomVroomUITests.xctest */,
			);
			name = Products;
			sourceTree = "<group>";
		};
		3A7101A42647090600AED6E3 /* VroomVroom */ = {
			isa = PBXGroup;
			children = (
				3A7101A52647090600AED6E3 /* AppDelegate.swift */,
				3A7101A72647090600AED6E3 /* SceneDelegate.swift */,
				3A7101A92647090600AED6E3 /* ViewController.swift */,
				3A7101AB2647090600AED6E3 /* Main.storyboard */,
				3A7101AE2647090900AED6E3 /* Assets.xcassets */,
				3A7101B02647090900AED6E3 /* LaunchScreen.storyboard */,
				3A7101B32647090900AED6E3 /* Info.plist */,
			);
			path = VroomVroom;
			sourceTree = "<group>";
		};
		3A7101BB2647090900AED6E3 /* VroomVroomTests */ = {
			isa = PBXGroup;
			children = (
				3A7101BC2647090900AED6E3 /* VroomVroomTests.swift */,
				3A7101BE2647090900AED6E3 /* Info.plist */,
			);
			path = VroomVroomTests;
			sourceTree = "<group>";
		};
		3A7101C62647090900AED6E3 /* VroomVroomUITests */ = {
			isa = PBXGroup;
			children = (
				3A7101C72647090900AED6E3 /* VroomVroomUITests.swift */,
				3A7101C92647090900AED6E3 /* Info.plist */,
			);
			path = VroomVroomUITests;
			sourceTree = "<group>";
		};
		59BB38F7E50F8532188FB409 /* Frameworks */ = {
			isa = PBXGroup;
			children = (
				7C02A1DE5C1CE6EF1A9BEC0B /* Pods_VroomVroom.framework */,
				772BA23A0A4FA182232EAB2A /* Pods_VroomVroom_VroomVroomUITests.framework */,
				C7B9D672098D0D192359C40A /* Pods_VroomVroomTests.framework */,
			);
			name = Frameworks;
			sourceTree = "<group>";
		};
		DD9CB3273CC01B5665112175 /* Pods */ = {
			isa = PBXGroup;
			children = (
				97C5B1829568F8D9C1A626E3 /* Pods-VroomVroom.debug.xcconfig */,
				84FC5189534C8B243304CDB7 /* Pods-VroomVroom.release.xcconfig */,
				92249DFAFC207DFB4F4E5001 /* Pods-VroomVroom-VroomVroomUITests.debug.xcconfig */,
				D3FC6E095849EFD3FD52A07D /* Pods-VroomVroom-VroomVroomUITests.release.xcconfig */,
				5712103997E056A5C4B644C1 /* Pods-VroomVroomTests.debug.xcconfig */,
				431BBAD4A3FCE6C198C366E8 /* Pods-VroomVroomTests.release.xcconfig */,
			);
			name = Pods;
			path = Pods;
			sourceTree = "<group>";
		};
/* End PBXGroup section */

/* Begin PBXNativeTarget section */
		3A7101A12647090600AED6E3 /* VroomVroom */ = {
			isa = PBXNativeTarget;
			buildConfigurationList = 3A7101CC2647090900AED6E3 /* Build configuration list for PBXNativeTarget "VroomVroom" */;
			buildPhases = (
				708EB4FE06E906DAC3FA37C5 /* [CP] Check Pods Manifest.lock */,
				3A71019E2647090600AED6E3 /* Sources */,
				3A71019F2647090600AED6E3 /* Frameworks */,
				3A7101A02647090600AED6E3 /* Resources */,
				E9E19941E0BCA7C9D202929F /* [CP] Embed Pods Frameworks */,
			);
			buildRules = (
			);
			dependencies = (
			);
			name = VroomVroom;
			productName = VroomVroom;
			productReference = 3A7101A22647090600AED6E3 /* VroomVroom.app */;
			productType = "com.apple.product-type.application";
		};
		3A7101B72647090900AED6E3 /* VroomVroomTests */ = {
			isa = PBXNativeTarget;
			buildConfigurationList = 3A7101CF2647090900AED6E3 /* Build configuration list for PBXNativeTarget "VroomVroomTests" */;
			buildPhases = (
				0589D7F1C023DB56F545ED43 /* [CP] Check Pods Manifest.lock */,
				3A7101B42647090900AED6E3 /* Sources */,
				3A7101B52647090900AED6E3 /* Frameworks */,
				3A7101B62647090900AED6E3 /* Resources */,
			);
			buildRules = (
			);
			dependencies = (
				3A7101BA2647090900AED6E3 /* PBXTargetDependency */,
			);
			name = VroomVroomTests;
			productName = VroomVroomTests;
			productReference = 3A7101B82647090900AED6E3 /* VroomVroomTests.xctest */;
			productType = "com.apple.product-type.bundle.unit-test";
		};
		3A7101C22647090900AED6E3 /* VroomVroomUITests */ = {
			isa = PBXNativeTarget;
			buildConfigurationList = 3A7101D22647090900AED6E3 /* Build configuration list for PBXNativeTarget "VroomVroomUITests" */;
			buildPhases = (
				E97C49A0925388F9111DE82D /* [CP] Check Pods Manifest.lock */,
				3A7101BF2647090900AED6E3 /* Sources */,
				3A7101C02647090900AED6E3 /* Frameworks */,
				3A7101C12647090900AED6E3 /* Resources */,
				FE89912062BA55420E0A03BE /* [CP] Embed Pods Frameworks */,
			);
			buildRules = (
			);
			dependencies = (
				3A7101C52647090900AED6E3 /* PBXTargetDependency */,
			);
			name = VroomVroomUITests;
			productName = VroomVroomUITests;
			productReference = 3A7101C32647090900AED6E3 /* VroomVroomUITests.xctest */;
			productType = "com.apple.product-type.bundle.ui-testing";
		};
/* End PBXNativeTarget section */

/* Begin PBXProject section */
		3A71019A2647090600AED6E3 /* Project object */ = {
			isa = PBXProject;
			attributes = {
				LastSwiftUpdateCheck = 1230;
				LastUpgradeCheck = 1230;
				TargetAttributes = {
					3A7101A12647090600AED6E3 = {
						CreatedOnToolsVersion = 12.3;
					};
					3A7101B72647090900AED6E3 = {
						CreatedOnToolsVersion = 12.3;
						TestTargetID = 3A7101A12647090600AED6E3;
					};
					3A7101C22647090900AED6E3 = {
						CreatedOnToolsVersion = 12.3;
						TestTargetID = 3A7101A12647090600AED6E3;
					};
				};
			};
			buildConfigurationList = 3A71019D2647090600AED6E3 /* Build configuration list for PBXProject "VroomVroom" */;
			compatibilityVersion = "Xcode 9.3";
			developmentRegion = en;
			hasScannedForEncodings = 0;
			knownRegions = (
				en,
				Base,
			);
			mainGroup = 3A7101992647090600AED6E3;
			productRefGroup = 3A7101A32647090600AED6E3 /* Products */;
			projectDirPath = "";
			projectRoot = "";
			targets = (
				3A7101A12647090600AED6E3 /* VroomVroom */,
				3A7101B72647090900AED6E3 /* VroomVroomTests */,
				3A7101C22647090900AED6E3 /* VroomVroomUITests */,
			);
		};
/* End PBXProject section */

/* Begin PBXResourcesBuildPhase section */
		3A7101A02647090600AED6E3 /* Resources */ = {
			isa = PBXResourcesBuildPhase;
			buildActionMask = 2147483647;
			files = (
				3A7101B22647090900AED6E3 /* LaunchScreen.storyboard in Resources */,
				3A7101AF2647090900AED6E3 /* Assets.xcassets in Resources */,
				3A7101AD2647090600AED6E3 /* Main.storyboard in Resources */,
			);
			runOnlyForDeploymentPostprocessing = 0;
		};
		3A7101B62647090900AED6E3 /* Resources */ = {
			isa = PBXResourcesBuildPhase;
			buildActionMask = 2147483647;
			files = (
			);
			runOnlyForDeploymentPostprocessing = 0;
		};
		3A7101C12647090900AED6E3 /* Resources */ = {
			isa = PBXResourcesBuildPhase;
			buildActionMask = 2147483647;
			files = (
			);
			runOnlyForDeploymentPostprocessing = 0;
		};
/* End PBXResourcesBuildPhase section */

/* Begin PBXShellScriptBuildPhase section */
		0589D7F1C023DB56F545ED43 /* [CP] Check Pods Manifest.lock */ = {
			isa = PBXShellScriptBuildPhase;
			buildActionMask = 2147483647;
			files = (
			);
			inputFileListPaths = (
			);
			inputPaths = (
				"${PODS_PODFILE_DIR_PATH}/Podfile.lock",
				"${PODS_ROOT}/Manifest.lock",
			);
			name = "[CP] Check Pods Manifest.lock";
			outputFileListPaths = (
			);
			outputPaths = (
				"$(DERIVED_FILE_DIR)/Pods-VroomVroomTests-checkManifestLockResult.txt",
			);
			runOnlyForDeploymentPostprocessing = 0;
			shellPath = /bin/sh;
			shellScript = "diff \"${PODS_PODFILE_DIR_PATH}/Podfile.lock\" \"${PODS_ROOT}/Manifest.lock\" > /dev/null\nif [ $? != 0 ] ; then\n    # print error to STDERR\n    echo \"error: The sandbox is not in sync with the Podfile.lock. Run 'pod install' or update your CocoaPods installation.\" >&2\n    exit 1\nfi\n# This output is used by Xcode 'outputs' to avoid re-running this script phase.\necho \"SUCCESS\" > \"${SCRIPT_OUTPUT_FILE_0}\"\n";
			showEnvVarsInLog = 0;
		};
		708EB4FE06E906DAC3FA37C5 /* [CP] Check Pods Manifest.lock */ = {
			isa = PBXShellScriptBuildPhase;
			buildActionMask = 2147483647;
			files = (
			);
			inputFileListPaths = (
			);
			inputPaths = (
				"${PODS_PODFILE_DIR_PATH}/Podfile.lock",
				"${PODS_ROOT}/Manifest.lock",
			);
			name = "[CP] Check Pods Manifest.lock";
			outputFileListPaths = (
			);
			outputPaths = (
				"$(DERIVED_FILE_DIR)/Pods-VroomVroom-checkManifestLockResult.txt",
			);
			runOnlyForDeploymentPostprocessing = 0;
			shellPath = /bin/sh;
			shellScript = "diff \"${PODS_PODFILE_DIR_PATH}/Podfile.lock\" \"${PODS_ROOT}/Manifest.lock\" > /dev/null\nif [ $? != 0 ] ; then\n    # print error to STDERR\n    echo \"error: The sandbox is not in sync with the Podfile.lock. Run 'pod install' or update your CocoaPods installation.\" >&2\n    exit 1\nfi\n# This output is used by Xcode 'outputs' to avoid re-running this script phase.\necho \"SUCCESS\" > \"${SCRIPT_OUTPUT_FILE_0}\"\n";
			showEnvVarsInLog = 0;
		};
		E97C49A0925388F9111DE82D /* [CP] Check Pods Manifest.lock */ = {
			isa = PBXShellScriptBuildPhase;
			buildActionMask = 2147483647;
			files = (
			);
			inputFileListPaths = (
			);
			inputPaths = (
				"${PODS_PODFILE_DIR_PATH}/Podfile.lock",
				"${PODS_ROOT}/Manifest.lock",
			);
			name = "[CP] Check Pods Manifest.lock";
			outputFileListPaths = (
			);
			outputPaths = (
				"$(DERIVED_FILE_DIR)/Pods-VroomVroom-VroomVroomUITests-checkManifestLockResult.txt",
			);
			runOnlyForDeploymentPostprocessing = 0;
			shellPath = /bin/sh;
			shellScript = "diff \"${PODS_PODFILE_DIR_PATH}/Podfile.lock\" \"${PODS_ROOT}/Manifest.lock\" > /dev/null\nif [ $? != 0 ] ; then\n    # print error to STDERR\n    echo \"error: The sandbox is not in sync with the Podfile.lock. Run 'pod install' or update your CocoaPods installation.\" >&2\n    exit 1\nfi\n# This output is used by Xcode 'outputs' to avoid re-running this script phase.\necho \"SUCCESS\" > \"${SCRIPT_OUTPUT_FILE_0}\"\n";
			showEnvVarsInLog = 0;
		};
		E9E19941E0BCA7C9D202929F /* [CP] Embed Pods Frameworks */ = {
			isa = PBXShellScriptBuildPhase;
			buildActionMask = 2147483647;
			files = (
			);
			inputFileListPaths = (
				"${PODS_ROOT}/Target Support Files/Pods-VroomVroom/Pods-VroomVroom-frameworks-${CONFIGURATION}-input-files.xcfilelist",
			);
			name = "[CP] Embed Pods Frameworks";
			outputFileListPaths = (
				"${PODS_ROOT}/Target Support Files/Pods-VroomVroom/Pods-VroomVroom-frameworks-${CONFIGURATION}-output-files.xcfilelist",
			);
			runOnlyForDeploymentPostprocessing = 0;
			shellPath = /bin/sh;
			shellScript = "\"${PODS_ROOT}/Target Support Files/Pods-VroomVroom/Pods-VroomVroom-frameworks.sh\"\n";
			showEnvVarsInLog = 0;
		};
		FE89912062BA55420E0A03BE /* [CP] Embed Pods Frameworks */ = {
			isa = PBXShellScriptBuildPhase;
			buildActionMask = 2147483647;
			files = (
			);
			inputFileListPaths = (
				"${PODS_ROOT}/Target Support Files/Pods-VroomVroom-VroomVroomUITests/Pods-VroomVroom-VroomVroomUITests-frameworks-${CONFIGURATION}-input-files.xcfilelist",
			);
			name = "[CP] Embed Pods Frameworks";
			outputFileListPaths = (
				"${PODS_ROOT}/Target Support Files/Pods-VroomVroom-VroomVroomUITests/Pods-VroomVroom-VroomVroomUITests-frameworks-${CONFIGURATION}-output-files.xcfilelist",
			);
			runOnlyForDeploymentPostprocessing = 0;
			shellPath = /bin/sh;
			shellScript = "\"${PODS_ROOT}/Target Support Files/Pods-VroomVroom-VroomVroomUITests/Pods-VroomVroom-VroomVroomUITests-frameworks.sh\"\n";
			showEnvVarsInLog = 0;
		};
/* End PBXShellScriptBuildPhase section */

/* Begin PBXSourcesBuildPhase section */
		3A71019E2647090600AED6E3 /* Sources */ = {
			isa = PBXSourcesBuildPhase;
			buildActionMask = 2147483647;
			files = (
				3A7101AA2647090600AED6E3 /* ViewController.swift in Sources */,
				3A7101A62647090600AED6E3 /* AppDelegate.swift in Sources */,
				3A7101A82647090600AED6E3 /* SceneDelegate.swift in Sources */,
			);
			runOnlyForDeploymentPostprocessing = 0;
		};
		3A7101B42647090900AED6E3 /* Sources */ = {
			isa = PBXSourcesBuildPhase;
			buildActionMask = 2147483647;
			files = (
				3A7101BD2647090900AED6E3 /* VroomVroomTests.swift in Sources */,
			);
			runOnlyForDeploymentPostprocessing = 0;
		};
		3A7101BF2647090900AED6E3 /* Sources */ = {
			isa = PBXSourcesBuildPhase;
			buildActionMask = 2147483647;
			files = (
				3A7101C82647090900AED6E3 /* VroomVroomUITests.swift in Sources */,
			);
			runOnlyForDeploymentPostprocessing = 0;
		};
/* End PBXSourcesBuildPhase section */

/* Begin PBXTargetDependency section */
		3A7101BA2647090900AED6E3 /* PBXTargetDependency */ = {
			isa = PBXTargetDependency;
			target = 3A7101A12647090600AED6E3 /* VroomVroom */;
			targetProxy = 3A7101B92647090900AED6E3 /* PBXContainerItemProxy */;
		};
		3A7101C52647090900AED6E3 /* PBXTargetDependency */ = {
			isa = PBXTargetDependency;
			target = 3A7101A12647090600AED6E3 /* VroomVroom */;
			targetProxy = 3A7101C42647090900AED6E3 /* PBXContainerItemProxy */;
		};
/* End PBXTargetDependency section */

/* Begin PBXVariantGroup section */
		3A7101AB2647090600AED6E3 /* Main.storyboard */ = {
			isa = PBXVariantGroup;
			children = (
				3A7101AC2647090600AED6E3 /* Base */,
			);
			name = Main.storyboard;
			sourceTree = "<group>";
		};
		3A7101B02647090900AED6E3 /* LaunchScreen.storyboard */ = {
			isa = PBXVariantGroup;
			children = (
				3A7101B12647090900AED6E3 /* Base */,
			);
			name = LaunchScreen.storyboard;
			sourceTree = "<group>";
		};
/* End PBXVariantGroup section */

/* Begin XCBuildConfiguration section */
		3A7101CA2647090900AED6E3 /* Debug */ = {
			isa = XCBuildConfiguration;
			buildSettings = {
				ALWAYS_SEARCH_USER_PATHS = NO;
				CLANG_ANALYZER_NONNULL = YES;
				CLANG_ANALYZER_NUMBER_OBJECT_CONVERSION = YES_AGGRESSIVE;
				CLANG_CXX_LANGUAGE_STANDARD = "gnu++14";
				CLANG_CXX_LIBRARY = "libc++";
				CLANG_ENABLE_MODULES = YES;
				CLANG_ENABLE_OBJC_ARC = YES;
				CLANG_ENABLE_OBJC_WEAK = YES;
				CLANG_WARN_BLOCK_CAPTURE_AUTORELEASING = YES;
				CLANG_WARN_BOOL_CONVERSION = YES;
				CLANG_WARN_COMMA = YES;
				CLANG_WARN_CONSTANT_CONVERSION = YES;
				CLANG_WARN_DEPRECATED_OBJC_IMPLEMENTATIONS = YES;
				CLANG_WARN_DIRECT_OBJC_ISA_USAGE = YES_ERROR;
				CLANG_WARN_DOCUMENTATION_COMMENTS = YES;
				CLANG_WARN_EMPTY_BODY = YES;
				CLANG_WARN_ENUM_CONVERSION = YES;
				CLANG_WARN_INFINITE_RECURSION = YES;
				CLANG_WARN_INT_CONVERSION = YES;
				CLANG_WARN_NON_LITERAL_NULL_CONVERSION = YES;
				CLANG_WARN_OBJC_IMPLICIT_RETAIN_SELF = YES;
				CLANG_WARN_OBJC_LITERAL_CONVERSION = YES;
				CLANG_WARN_OBJC_ROOT_CLASS = YES_ERROR;
				CLANG_WARN_QUOTED_INCLUDE_IN_FRAMEWORK_HEADER = YES;
				CLANG_WARN_RANGE_LOOP_ANALYSIS = YES;
				CLANG_WARN_STRICT_PROTOTYPES = YES;
				CLANG_WARN_SUSPICIOUS_MOVE = YES;
				CLANG_WARN_UNGUARDED_AVAILABILITY = YES_AGGRESSIVE;
				CLANG_WARN_UNREACHABLE_CODE = YES;
				CLANG_WARN__DUPLICATE_METHOD_MATCH = YES;
				COPY_PHASE_STRIP = NO;
				DEBUG_INFORMATION_FORMAT = dwarf;
				ENABLE_STRICT_OBJC_MSGSEND = YES;
				ENABLE_TESTABILITY = YES;
				GCC_C_LANGUAGE_STANDARD = gnu11;
				GCC_DYNAMIC_NO_PIC = NO;
				GCC_NO_COMMON_BLOCKS = YES;
				GCC_OPTIMIZATION_LEVEL = 0;
				GCC_PREPROCESSOR_DEFINITIONS = (
					"DEBUG=1",
					"$(inherited)",
				);
				GCC_WARN_64_TO_32_BIT_CONVERSION = YES;
				GCC_WARN_ABOUT_RETURN_TYPE = YES_ERROR;
				GCC_WARN_UNDECLARED_SELECTOR = YES;
				GCC_WARN_UNINITIALIZED_AUTOS = YES_AGGRESSIVE;
				GCC_WARN_UNUSED_FUNCTION = YES;
				GCC_WARN_UNUSED_VARIABLE = YES;
				IPHONEOS_DEPLOYMENT_TARGET = 14.3;
				MTL_ENABLE_DEBUG_INFO = INCLUDE_SOURCE;
				MTL_FAST_MATH = YES;
				ONLY_ACTIVE_ARCH = YES;
				SDKROOT = iphoneos;
				SWIFT_ACTIVE_COMPILATION_CONDITIONS = DEBUG;
				SWIFT_OPTIMIZATION_LEVEL = "-Onone";
			};
			name = Debug;
		};
		3A7101CB2647090900AED6E3 /* Release */ = {
			isa = XCBuildConfiguration;
			buildSettings = {
				ALWAYS_SEARCH_USER_PATHS = NO;
				CLANG_ANALYZER_NONNULL = YES;
				CLANG_ANALYZER_NUMBER_OBJECT_CONVERSION = YES_AGGRESSIVE;
				CLANG_CXX_LANGUAGE_STANDARD = "gnu++14";
				CLANG_CXX_LIBRARY = "libc++";
				CLANG_ENABLE_MODULES = YES;
				CLANG_ENABLE_OBJC_ARC = YES;
				CLANG_ENABLE_OBJC_WEAK = YES;
				CLANG_WARN_BLOCK_CAPTURE_AUTORELEASING = YES;
				CLANG_WARN_BOOL_CONVERSION = YES;
				CLANG_WARN_COMMA = YES;
				CLANG_WARN_CONSTANT_CONVERSION = YES;
				CLANG_WARN_DEPRECATED_OBJC_IMPLEMENTATIONS = YES;
				CLANG_WARN_DIRECT_OBJC_ISA_USAGE = YES_ERROR;
				CLANG_WARN_DOCUMENTATION_COMMENTS = YES;
				CLANG_WARN_EMPTY_BODY = YES;
				CLANG_WARN_ENUM_CONVERSION = YES;
				CLANG_WARN_INFINITE_RECURSION = YES;
				CLANG_WARN_INT_CONVERSION = YES;
				CLANG_WARN_NON_LITERAL_NULL_CONVERSION = YES;
				CLANG_WARN_OBJC_IMPLICIT_RETAIN_SELF = YES;
				CLANG_WARN_OBJC_LITERAL_CONVERSION = YES;
				CLANG_WARN_OBJC_ROOT_CLASS = YES_ERROR;
				CLANG_WARN_QUOTED_INCLUDE_IN_FRAMEWORK_HEADER = YES;
				CLANG_WARN_RANGE_LOOP_ANALYSIS = YES;
				CLANG_WARN_STRICT_PROTOTYPES = YES;
				CLANG_WARN_SUSPICIOUS_MOVE = YES;
				CLANG_WARN_UNGUARDED_AVAILABILITY = YES_AGGRESSIVE;
				CLANG_WARN_UNREACHABLE_CODE = YES;
				CLANG_WARN__DUPLICATE_METHOD_MATCH = YES;
				COPY_PHASE_STRIP = NO;
				DEBUG_INFORMATION_FORMAT = "dwarf-with-dsym";
				ENABLE_NS_ASSERTIONS = NO;
				ENABLE_STRICT_OBJC_MSGSEND = YES;
				GCC_C_LANGUAGE_STANDARD = gnu11;
				GCC_NO_COMMON_BLOCKS = YES;
				GCC_WARN_64_TO_32_BIT_CONVERSION = YES;
				GCC_WARN_ABOUT_RETURN_TYPE = YES_ERROR;
				GCC_WARN_UNDECLARED_SELECTOR = YES;
				GCC_WARN_UNINITIALIZED_AUTOS = YES_AGGRESSIVE;
				GCC_WARN_UNUSED_FUNCTION = YES;
				GCC_WARN_UNUSED_VARIABLE = YES;
				IPHONEOS_DEPLOYMENT_TARGET = 14.3;
				MTL_ENABLE_DEBUG_INFO = NO;
				MTL_FAST_MATH = YES;
				SDKROOT = iphoneos;
				SWIFT_COMPILATION_MODE = wholemodule;
				SWIFT_OPTIMIZATION_LEVEL = "-O";
				VALIDATE_PRODUCT = YES;
			};
			name = Release;
		};
		3A7101CD2647090900AED6E3 /* Debug */ = {
			isa = XCBuildConfiguration;
			baseConfigurationReference = 97C5B1829568F8D9C1A626E3 /* Pods-VroomVroom.debug.xcconfig */;
			buildSettings = {
				ASSETCATALOG_COMPILER_APPICON_NAME = AppIcon;
				ASSETCATALOG_COMPILER_GLOBAL_ACCENT_COLOR_NAME = AccentColor;
				CODE_SIGN_STYLE = Automatic;
				INFOPLIST_FILE = VroomVroom/Info.plist;
				LD_RUNPATH_SEARCH_PATHS = (
					"$(inherited)",
					"@executable_path/Frameworks",
				);
				PRODUCT_BUNDLE_IDENTIFIER = myorg.VroomVroom;
				PRODUCT_NAME = "$(TARGET_NAME)";
				SWIFT_VERSION = 5.0;
				TARGETED_DEVICE_FAMILY = "1,2";
			};
			name = Debug;
		};
		3A7101CE2647090900AED6E3 /* Release */ = {
			isa = XCBuildConfiguration;
			baseConfigurationReference = 84FC5189534C8B243304CDB7 /* Pods-VroomVroom.release.xcconfig */;
			buildSettings = {
				ASSETCATALOG_COMPILER_APPICON_NAME = AppIcon;
				ASSETCATALOG_COMPILER_GLOBAL_ACCENT_COLOR_NAME = AccentColor;
				CODE_SIGN_STYLE = Automatic;
				INFOPLIST_FILE = VroomVroom/Info.plist;
				LD_RUNPATH_SEARCH_PATHS = (
					"$(inherited)",
					"@executable_path/Frameworks",
				);
				PRODUCT_BUNDLE_IDENTIFIER = myorg.VroomVroom;
				PRODUCT_NAME = "$(TARGET_NAME)";
				SWIFT_VERSION = 5.0;
				TARGETED_DEVICE_FAMILY = "1,2";
			};
			name = Release;
		};
		3A7101D02647090900AED6E3 /* Debug */ = {
			isa = XCBuildConfiguration;
			baseConfigurationReference = 5712103997E056A5C4B644C1 /* Pods-VroomVroomTests.debug.xcconfig */;
			buildSettings = {
				ALWAYS_EMBED_SWIFT_STANDARD_LIBRARIES = YES;
				BUNDLE_LOADER = "$(TEST_HOST)";
				CODE_SIGN_STYLE = Automatic;
				INFOPLIST_FILE = VroomVroomTests/Info.plist;
				IPHONEOS_DEPLOYMENT_TARGET = 14.3;
				LD_RUNPATH_SEARCH_PATHS = (
					"$(inherited)",
					"@executable_path/Frameworks",
					"@loader_path/Frameworks",
				);
				PRODUCT_BUNDLE_IDENTIFIER = myorg.VroomVroomTests;
				PRODUCT_NAME = "$(TARGET_NAME)";
				SWIFT_VERSION = 5.0;
				TARGETED_DEVICE_FAMILY = "1,2";
				TEST_HOST = "$(BUILT_PRODUCTS_DIR)/VroomVroom.app/VroomVroom";
			};
			name = Debug;
		};
		3A7101D12647090900AED6E3 /* Release */ = {
			isa = XCBuildConfiguration;
			baseConfigurationReference = 431BBAD4A3FCE6C198C366E8 /* Pods-VroomVroomTests.release.xcconfig */;
			buildSettings = {
				ALWAYS_EMBED_SWIFT_STANDARD_LIBRARIES = YES;
				BUNDLE_LOADER = "$(TEST_HOST)";
				CODE_SIGN_STYLE = Automatic;
				INFOPLIST_FILE = VroomVroomTests/Info.plist;
				IPHONEOS_DEPLOYMENT_TARGET = 14.3;
				LD_RUNPATH_SEARCH_PATHS = (
					"$(inherited)",
					"@executable_path/Frameworks",
					"@loader_path/Frameworks",
				);
				PRODUCT_BUNDLE_IDENTIFIER = myorg.VroomVroomTests;
				PRODUCT_NAME = "$(TARGET_NAME)";
				SWIFT_VERSION = 5.0;
				TARGETED_DEVICE_FAMILY = "1,2";
				TEST_HOST = "$(BUILT_PRODUCTS_DIR)/VroomVroom.app/VroomVroom";
			};
			name = Release;
		};
		3A7101D32647090900AED6E3 /* Debug */ = {
			isa = XCBuildConfiguration;
			baseConfigurationReference = 92249DFAFC207DFB4F4E5001 /* Pods-VroomVroom-VroomVroomUITests.debug.xcconfig */;
			buildSettings = {
				ALWAYS_EMBED_SWIFT_STANDARD_LIBRARIES = YES;
				CODE_SIGN_STYLE = Automatic;
				INFOPLIST_FILE = VroomVroomUITests/Info.plist;
				LD_RUNPATH_SEARCH_PATHS = (
					"$(inherited)",
					"@executable_path/Frameworks",
					"@loader_path/Frameworks",
				);
				PRODUCT_BUNDLE_IDENTIFIER = myorg.VroomVroomUITests;
				PRODUCT_NAME = "$(TARGET_NAME)";
				SWIFT_VERSION = 5.0;
				TARGETED_DEVICE_FAMILY = "1,2";
				TEST_TARGET_NAME = VroomVroom;
			};
			name = Debug;
		};
		3A7101D42647090900AED6E3 /* Release */ = {
			isa = XCBuildConfiguration;
			baseConfigurationReference = D3FC6E095849EFD3FD52A07D /* Pods-VroomVroom-VroomVroomUITests.release.xcconfig */;
			buildSettings = {
				ALWAYS_EMBED_SWIFT_STANDARD_LIBRARIES = YES;
				CODE_SIGN_STYLE = Automatic;
				INFOPLIST_FILE = VroomVroomUITests/Info.plist;
				LD_RUNPATH_SEARCH_PATHS = (
					"$(inherited)",
					"@executable_path/Frameworks",
					"@loader_path/Frameworks",
				);
				PRODUCT_BUNDLE_IDENTIFIER = myorg.VroomVroomUITests;
				PRODUCT_NAME = "$(TARGET_NAME)";
				SWIFT_VERSION = 5.0;
				TARGETED_DEVICE_FAMILY = "1,2";
				TEST_TARGET_NAME = VroomVroom;
			};
			name = Release;
		};
/* End XCBuildConfiguration section */

/* Begin XCConfigurationList section */
		3A71019D2647090600AED6E3 /* Build configuration list for PBXProject "VroomVroom" */ = {
			isa = XCConfigurationList;
			buildConfigurations = (
				3A7101CA2647090900AED6E3 /* Debug */,
				3A7101CB2647090900AED6E3 /* Release */,
			);
			defaultConfigurationIsVisible = 0;
			defaultConfigurationName = Release;
		};
		3A7101CC2647090900AED6E3 /* Build configuration list for PBXNativeTarget "VroomVroom" */ = {
			isa = XCConfigurationList;
			buildConfigurations = (
				3A7101CD2647090900AED6E3 /* Debug */,
				3A7101CE2647090900AED6E3 /* Release */,
			);
			defaultConfigurationIsVisible = 0;
			defaultConfigurationName = Release;
		};
		3A7101CF2647090900AED6E3 /* Build configuration list for PBXNativeTarget "VroomVroomTests" */ = {
			isa = XCConfigurationList;
			buildConfigurations = (
				3A7101D02647090900AED6E3 /* Debug */,
				3A7101D12647090900AED6E3 /* Release */,
			);
			defaultConfigurationIsVisible = 0;
			defaultConfigurationName = Release;
		};
		3A7101D22647090900AED6E3 /* Build configuration list for PBXNativeTarget "VroomVroomUITests" */ = {
			isa = XCConfigurationList;
			buildConfigurations = (
				3A7101D32647090900AED6E3 /* Debug */,
				3A7101D42647090900AED6E3 /* Release */,
			);
			defaultConfigurationIsVisible = 0;
			defaultConfigurationName = Release;
		};
/* End XCConfigurationList section */
	};
	rootObject = 3A71019A2647090600AED6E3 /* Project object */;
}
